
Microsoft Visual Studio Solution File, Format Version 12.00
# Visual Studio Version 17
VisualStudioVersion = 17.1.32414.318
MinimumVisualStudioVersion = 10.0.40219.1
Project("{FAE04EC0-301F-11D3-BF4B-00C04F79EFBC}") = "mact", "mact.csproj", "{0B8C859F-941B-4673-A128-92C85144069D}"
EndProject
Global
	GlobalSection(SolutionConfigurationPlatforms) = preSolution
		Debug|Any CPU = Debug|Any CPU
		Release|Any CPU = Release|Any CPU
	EndGlobalSection
	GlobalSection(ProjectConfigurationPlatforms) = postSolution
		{0B8C859F-941B-4673-A128-92C85144069D}.Debug|Any CPU.ActiveCfg = Debug|Any CPU
		{0B8C859F-941B-4673-A128-92C85144069D}.Debug|Any CPU.Build.0 = Debug|Any CPU
		{0B8C859F-941B-4673-A128-92C85144069D}.Release|Any CPU.ActiveCfg = Release|Any CPU
		{0B8C859F-941B-4673-A128-92C85144069D}.Release|Any CPU.Build.0 = Release|Any CPU
	EndGlobalSection
	GlobalSection(SolutionProperties) = preSolution
		HideSolutionNode = FALSE
	EndGlobalSection
	GlobalSection(ExtensibilityGlobals) = postSolution
		SolutionGuid = {67CBE955-6695-4F0E-A772-0A696BB1966C}
	EndGlobalSection
EndGlobal
