
Microsoft Visual Studio Solution File, Format Version 12.00
# Visual Studio Version 17
VisualStudioVersion = 17.1.32210.238
MinimumVisualStudioVersion = 10.0.40219.1
Project("{FAE04EC0-301F-11D3-BF4B-00C04F79EFBC}") = "Collections", "Collections.csproj", "{9C581520-5579-45F4-8065-60736A31D4FF}"
EndProject
Global
	GlobalSection(SolutionConfigurationPlatforms) = preSolution
		Debug|Any CPU = Debug|Any CPU
		Release|Any CPU = Release|Any CPU
	EndGlobalSection
	GlobalSection(ProjectConfigurationPlatforms) = postSolution
		{9C581520-5579-45F4-8065-60736A31D4FF}.Debug|Any CPU.ActiveCfg = Debug|Any CPU
		{9C581520-5579-45F4-8065-60736A31D4FF}.Debug|Any CPU.Build.0 = Debug|Any CPU
		{9C581520-5579-45F4-8065-60736A31D4FF}.Release|Any CPU.ActiveCfg = Release|Any CPU
		{9C581520-5579-45F4-8065-60736A31D4FF}.Release|Any CPU.Build.0 = Release|Any CPU
	EndGlobalSection
	GlobalSection(SolutionProperties) = preSolution
		HideSolutionNode = FALSE
	EndGlobalSection
	GlobalSection(ExtensibilityGlobals) = postSolution
		SolutionGuid = {955AF18E-BDD9-424D-B028-1319F62ED3D5}
	EndGlobalSection
EndGlobal
