
Microsoft Visual Studio Solution File, Format Version 12.00
# Visual Studio Version 17
VisualStudioVersion = 17.1.32414.318
MinimumVisualStudioVersion = 10.0.40219.1
Project("{FAE04EC0-301F-11D3-BF4B-00C04F79EFBC}") = "BotunEngApi", "BotunEngApi.csproj", "{634ECECC-5B66-4322-AB60-DA717F213590}"
EndProject
Global
	GlobalSection(SolutionConfigurationPlatforms) = preSolution
		Debug|Any CPU = Debug|Any CPU
		Release|Any CPU = Release|Any CPU
	EndGlobalSection
	GlobalSection(ProjectConfigurationPlatforms) = postSolution
		{634ECECC-5B66-4322-AB60-DA717F213590}.Debug|Any CPU.ActiveCfg = Debug|Any CPU
		{634ECECC-5B66-4322-AB60-DA717F213590}.Debug|Any CPU.Build.0 = Debug|Any CPU
		{634ECECC-5B66-4322-AB60-DA717F213590}.Release|Any CPU.ActiveCfg = Release|Any CPU
		{634ECECC-5B66-4322-AB60-DA717F213590}.Release|Any CPU.Build.0 = Release|Any CPU
	EndGlobalSection
	GlobalSection(SolutionProperties) = preSolution
		HideSolutionNode = FALSE
	EndGlobalSection
	GlobalSection(ExtensibilityGlobals) = postSolution
		SolutionGuid = {F0166AFC-B143-425D-9F7E-7BDA9CF64F36}
	EndGlobalSection
EndGlobal
