
Microsoft Visual Studio Solution File, Format Version 12.00
# Visual Studio Version 17
VisualStudioVersion = 17.1.32414.318
MinimumVisualStudioVersion = 10.0.40219.1
Project("{FAE04EC0-301F-11D3-BF4B-00C04F79EFBC}") = "WebApplication4", "WebApplication4.csproj", "{D5870313-626D-4707-86C9-B3F3F3EF8FDB}"
EndProject
Global
	GlobalSection(SolutionConfigurationPlatforms) = preSolution
		Debug|Any CPU = Debug|Any CPU
		Release|Any CPU = Release|Any CPU
	EndGlobalSection
	GlobalSection(ProjectConfigurationPlatforms) = postSolution
		{D5870313-626D-4707-86C9-B3F3F3EF8FDB}.Debug|Any CPU.ActiveCfg = Debug|Any CPU
		{D5870313-626D-4707-86C9-B3F3F3EF8FDB}.Debug|Any CPU.Build.0 = Debug|Any CPU
		{D5870313-626D-4707-86C9-B3F3F3EF8FDB}.Release|Any CPU.ActiveCfg = Release|Any CPU
		{D5870313-626D-4707-86C9-B3F3F3EF8FDB}.Release|Any CPU.Build.0 = Release|Any CPU
	EndGlobalSection
	GlobalSection(SolutionProperties) = preSolution
		HideSolutionNode = FALSE
	EndGlobalSection
	GlobalSection(ExtensibilityGlobals) = postSolution
		SolutionGuid = {A7AD4B87-40FE-4443-BD57-4C0A34DBDC34}
	EndGlobalSection
EndGlobal
