
Microsoft Visual Studio Solution File, Format Version 12.00
# Visual Studio Version 17
VisualStudioVersion = 17.1.32414.318
MinimumVisualStudioVersion = 10.0.40219.1
Project("{FAE04EC0-301F-11D3-BF4B-00C04F79EFBC}") = "BotunsEntities", "BotunsEntities.csproj", "{1EA3EF4E-307C-4709-849F-586BB0B743D2}"
EndProject
Global
	GlobalSection(SolutionConfigurationPlatforms) = preSolution
		Debug|Any CPU = Debug|Any CPU
		Release|Any CPU = Release|Any CPU
	EndGlobalSection
	GlobalSection(ProjectConfigurationPlatforms) = postSolution
		{1EA3EF4E-307C-4709-849F-586BB0B743D2}.Debug|Any CPU.ActiveCfg = Debug|Any CPU
		{1EA3EF4E-307C-4709-849F-586BB0B743D2}.Debug|Any CPU.Build.0 = Debug|Any CPU
		{1EA3EF4E-307C-4709-849F-586BB0B743D2}.Release|Any CPU.ActiveCfg = Release|Any CPU
		{1EA3EF4E-307C-4709-849F-586BB0B743D2}.Release|Any CPU.Build.0 = Release|Any CPU
	EndGlobalSection
	GlobalSection(SolutionProperties) = preSolution
		HideSolutionNode = FALSE
	EndGlobalSection
	GlobalSection(ExtensibilityGlobals) = postSolution
		SolutionGuid = {814029D3-65CB-48AD-AA21-0F38E6435623}
	EndGlobalSection
EndGlobal
