
Microsoft Visual Studio Solution File, Format Version 12.00
# Visual Studio Version 17
VisualStudioVersion = 17.1.32414.318
MinimumVisualStudioVersion = 10.0.40219.1
Project("{FAE04EC0-301F-11D3-BF4B-00C04F79EFBC}") = "ApiPractical", "ApiPractical.csproj", "{6ABB6CF0-9FCA-4EBA-9548-AF68BEBD64AE}"
EndProject
Global
	GlobalSection(SolutionConfigurationPlatforms) = preSolution
		Debug|Any CPU = Debug|Any CPU
		Release|Any CPU = Release|Any CPU
	EndGlobalSection
	GlobalSection(ProjectConfigurationPlatforms) = postSolution
		{6ABB6CF0-9FCA-4EBA-9548-AF68BEBD64AE}.Debug|Any CPU.ActiveCfg = Debug|Any CPU
		{6ABB6CF0-9FCA-4EBA-9548-AF68BEBD64AE}.Debug|Any CPU.Build.0 = Debug|Any CPU
		{6ABB6CF0-9FCA-4EBA-9548-AF68BEBD64AE}.Release|Any CPU.ActiveCfg = Release|Any CPU
		{6ABB6CF0-9FCA-4EBA-9548-AF68BEBD64AE}.Release|Any CPU.Build.0 = Release|Any CPU
	EndGlobalSection
	GlobalSection(SolutionProperties) = preSolution
		HideSolutionNode = FALSE
	EndGlobalSection
	GlobalSection(ExtensibilityGlobals) = postSolution
		SolutionGuid = {10A293B8-810B-479A-8772-2DE700F943C7}
	EndGlobalSection
EndGlobal
