
Microsoft Visual Studio Solution File, Format Version 12.00
# Visual Studio Version 17
VisualStudioVersion = 17.1.32414.318
MinimumVisualStudioVersion = 10.0.40219.1
Project("{FAE04EC0-301F-11D3-BF4B-00C04F79EFBC}") = "WebApplication3", "WebApplication3.csproj", "{A7921446-5B89-4637-8EF6-05C50F05F3A4}"
EndProject
Global
	GlobalSection(SolutionConfigurationPlatforms) = preSolution
		Debug|Any CPU = Debug|Any CPU
		Release|Any CPU = Release|Any CPU
	EndGlobalSection
	GlobalSection(ProjectConfigurationPlatforms) = postSolution
		{A7921446-5B89-4637-8EF6-05C50F05F3A4}.Debug|Any CPU.ActiveCfg = Debug|Any CPU
		{A7921446-5B89-4637-8EF6-05C50F05F3A4}.Debug|Any CPU.Build.0 = Debug|Any CPU
		{A7921446-5B89-4637-8EF6-05C50F05F3A4}.Release|Any CPU.ActiveCfg = Release|Any CPU
		{A7921446-5B89-4637-8EF6-05C50F05F3A4}.Release|Any CPU.Build.0 = Release|Any CPU
	EndGlobalSection
	GlobalSection(SolutionProperties) = preSolution
		HideSolutionNode = FALSE
	EndGlobalSection
	GlobalSection(ExtensibilityGlobals) = postSolution
		SolutionGuid = {CF443E49-379D-4719-8179-90D3D487AA81}
	EndGlobalSection
EndGlobal
