
Microsoft Visual Studio Solution File, Format Version 12.00
# Visual Studio Version 17
VisualStudioVersion = 17.1.32210.238
MinimumVisualStudioVersion = 10.0.40219.1
Project("{FAE04EC0-301F-11D3-BF4B-00C04F79EFBC}") = "OOLA", "OOLA.csproj", "{3054683E-924C-4D20-ABAE-17AE299303A8}"
EndProject
Global
	GlobalSection(SolutionConfigurationPlatforms) = preSolution
		Debug|Any CPU = Debug|Any CPU
		Release|Any CPU = Release|Any CPU
	EndGlobalSection
	GlobalSection(ProjectConfigurationPlatforms) = postSolution
		{3054683E-924C-4D20-ABAE-17AE299303A8}.Debug|Any CPU.ActiveCfg = Debug|Any CPU
		{3054683E-924C-4D20-ABAE-17AE299303A8}.Debug|Any CPU.Build.0 = Debug|Any CPU
		{3054683E-924C-4D20-ABAE-17AE299303A8}.Release|Any CPU.ActiveCfg = Release|Any CPU
		{3054683E-924C-4D20-ABAE-17AE299303A8}.Release|Any CPU.Build.0 = Release|Any CPU
	EndGlobalSection
	GlobalSection(SolutionProperties) = preSolution
		HideSolutionNode = FALSE
	EndGlobalSection
	GlobalSection(ExtensibilityGlobals) = postSolution
		SolutionGuid = {0303F444-5CC6-4FCD-876D-9FE7C99547ED}
	EndGlobalSection
EndGlobal
