
Microsoft Visual Studio Solution File, Format Version 12.00
# Visual Studio Version 17
VisualStudioVersion = 17.1.32414.318
MinimumVisualStudioVersion = 10.0.40219.1
Project("{9A19103F-16F7-4668-BE54-9A1E7A4F7556}") = "E-Library", "E-Library.csproj", "{AFAA68AE-9C49-4FB4-A904-762D2926091B}"
EndProject
Global
	GlobalSection(SolutionConfigurationPlatforms) = preSolution
		Debug|Any CPU = Debug|Any CPU
		Release|Any CPU = Release|Any CPU
	EndGlobalSection
	GlobalSection(ProjectConfigurationPlatforms) = postSolution
		{AFAA68AE-9C49-4FB4-A904-762D2926091B}.Debug|Any CPU.ActiveCfg = Debug|Any CPU
		{AFAA68AE-9C49-4FB4-A904-762D2926091B}.Debug|Any CPU.Build.0 = Debug|Any CPU
		{AFAA68AE-9C49-4FB4-A904-762D2926091B}.Release|Any CPU.ActiveCfg = Release|Any CPU
		{AFAA68AE-9C49-4FB4-A904-762D2926091B}.Release|Any CPU.Build.0 = Release|Any CPU
	EndGlobalSection
	GlobalSection(SolutionProperties) = preSolution
		HideSolutionNode = FALSE
	EndGlobalSection
	GlobalSection(ExtensibilityGlobals) = postSolution
		SolutionGuid = {2961B749-E471-4AEA-A563-FEC6185AA88F}
	EndGlobalSection
EndGlobal
