
Microsoft Visual Studio Solution File, Format Version 12.00
# Visual Studio Version 17
VisualStudioVersion = 17.1.32210.238
MinimumVisualStudioVersion = 10.0.40219.1
Project("{FAE04EC0-301F-11D3-BF4B-00C04F79EFBC}") = "Array Practice", "Array Practice.csproj", "{0F1708D3-C307-49ED-86FD-957084216272}"
EndProject
Global
	GlobalSection(SolutionConfigurationPlatforms) = preSolution
		Debug|Any CPU = Debug|Any CPU
		Release|Any CPU = Release|Any CPU
	EndGlobalSection
	GlobalSection(ProjectConfigurationPlatforms) = postSolution
		{0F1708D3-C307-49ED-86FD-957084216272}.Debug|Any CPU.ActiveCfg = Debug|Any CPU
		{0F1708D3-C307-49ED-86FD-957084216272}.Debug|Any CPU.Build.0 = Debug|Any CPU
		{0F1708D3-C307-49ED-86FD-957084216272}.Release|Any CPU.ActiveCfg = Release|Any CPU
		{0F1708D3-C307-49ED-86FD-957084216272}.Release|Any CPU.Build.0 = Release|Any CPU
	EndGlobalSection
	GlobalSection(SolutionProperties) = preSolution
		HideSolutionNode = FALSE
	EndGlobalSection
	GlobalSection(ExtensibilityGlobals) = postSolution
		SolutionGuid = {5E8BEFB6-5E98-42FE-AECC-56EA24BFAA7F}
	EndGlobalSection
EndGlobal
