
Microsoft Visual Studio Solution File, Format Version 12.00
# Visual Studio Version 17
VisualStudioVersion = 17.1.32210.238
MinimumVisualStudioVersion = 10.0.40219.1
Project("{FAE04EC0-301F-11D3-BF4B-00C04F79EFBC}") = "STUDENT ADMIN", "STUDENT ADMIN.csproj", "{CC3F4DD7-9DA4-40B4-9DDD-5995C3A361EF}"
EndProject
Global
	GlobalSection(SolutionConfigurationPlatforms) = preSolution
		Debug|Any CPU = Debug|Any CPU
		Release|Any CPU = Release|Any CPU
	EndGlobalSection
	GlobalSection(ProjectConfigurationPlatforms) = postSolution
		{CC3F4DD7-9DA4-40B4-9DDD-5995C3A361EF}.Debug|Any CPU.ActiveCfg = Debug|Any CPU
		{CC3F4DD7-9DA4-40B4-9DDD-5995C3A361EF}.Debug|Any CPU.Build.0 = Debug|Any CPU
		{CC3F4DD7-9DA4-40B4-9DDD-5995C3A361EF}.Release|Any CPU.ActiveCfg = Release|Any CPU
		{CC3F4DD7-9DA4-40B4-9DDD-5995C3A361EF}.Release|Any CPU.Build.0 = Release|Any CPU
	EndGlobalSection
	GlobalSection(SolutionProperties) = preSolution
		HideSolutionNode = FALSE
	EndGlobalSection
	GlobalSection(ExtensibilityGlobals) = postSolution
		SolutionGuid = {8B835447-84E7-4CDF-97AE-457CEF1D228A}
	EndGlobalSection
EndGlobal
