
Microsoft Visual Studio Solution File, Format Version 12.00
# Visual Studio Version 17
VisualStudioVersion = 17.1.32210.238
MinimumVisualStudioVersion = 10.0.40219.1
Project("{FAE04EC0-301F-11D3-BF4B-00C04F79EFBC}") = "ConsoleApp6", "ConsoleApp6.csproj", "{6EC90709-7F1F-435D-86FE-953E15BE0C67}"
EndProject
Global
	GlobalSection(SolutionConfigurationPlatforms) = preSolution
		Debug|Any CPU = Debug|Any CPU
		Release|Any CPU = Release|Any CPU
	EndGlobalSection
	GlobalSection(ProjectConfigurationPlatforms) = postSolution
		{6EC90709-7F1F-435D-86FE-953E15BE0C67}.Debug|Any CPU.ActiveCfg = Debug|Any CPU
		{6EC90709-7F1F-435D-86FE-953E15BE0C67}.Debug|Any CPU.Build.0 = Debug|Any CPU
		{6EC90709-7F1F-435D-86FE-953E15BE0C67}.Release|Any CPU.ActiveCfg = Release|Any CPU
		{6EC90709-7F1F-435D-86FE-953E15BE0C67}.Release|Any CPU.Build.0 = Release|Any CPU
	EndGlobalSection
	GlobalSection(SolutionProperties) = preSolution
		HideSolutionNode = FALSE
	EndGlobalSection
	GlobalSection(ExtensibilityGlobals) = postSolution
		SolutionGuid = {89687FBB-559C-4ECA-B838-B02C6C9CEB61}
	EndGlobalSection
EndGlobal
