
Microsoft Visual Studio Solution File, Format Version 12.00
# Visual Studio Version 17
VisualStudioVersion = 17.1.32414.318
MinimumVisualStudioVersion = 10.0.40219.1
Project("{FAE04EC0-301F-11D3-BF4B-00C04F79EFBC}") = "JwtPractice", "JwtPractice.csproj", "{6FAA1D95-11F7-4EC5-A933-816EA216D840}"
EndProject
Global
	GlobalSection(SolutionConfigurationPlatforms) = preSolution
		Debug|Any CPU = Debug|Any CPU
		Release|Any CPU = Release|Any CPU
	EndGlobalSection
	GlobalSection(ProjectConfigurationPlatforms) = postSolution
		{6FAA1D95-11F7-4EC5-A933-816EA216D840}.Debug|Any CPU.ActiveCfg = Debug|Any CPU
		{6FAA1D95-11F7-4EC5-A933-816EA216D840}.Debug|Any CPU.Build.0 = Debug|Any CPU
		{6FAA1D95-11F7-4EC5-A933-816EA216D840}.Release|Any CPU.ActiveCfg = Release|Any CPU
		{6FAA1D95-11F7-4EC5-A933-816EA216D840}.Release|Any CPU.Build.0 = Release|Any CPU
	EndGlobalSection
	GlobalSection(SolutionProperties) = preSolution
		HideSolutionNode = FALSE
	EndGlobalSection
	GlobalSection(ExtensibilityGlobals) = postSolution
		SolutionGuid = {DCB8822A-EAA9-46D0-A90A-FE7F6C066E73}
	EndGlobalSection
EndGlobal
