
Microsoft Visual Studio Solution File, Format Version 12.00
# Visual Studio Version 17
VisualStudioVersion = 17.1.32210.238
MinimumVisualStudioVersion = 10.0.40219.1
Project("{FAE04EC0-301F-11D3-BF4B-00C04F79EFBC}") = "MY ASSIGNMENT", "MY ASSIGNMENT\MY ASSIGNMENT.csproj", "{42AAD912-412F-4D65-A6ED-E19A21C417A6}"
EndProject
Global
	GlobalSection(SolutionConfigurationPlatforms) = preSolution
		Debug|Any CPU = Debug|Any CPU
		Release|Any CPU = Release|Any CPU
	EndGlobalSection
	GlobalSection(ProjectConfigurationPlatforms) = postSolution
		{42AAD912-412F-4D65-A6ED-E19A21C417A6}.Debug|Any CPU.ActiveCfg = Debug|Any CPU
		{42AAD912-412F-4D65-A6ED-E19A21C417A6}.Debug|Any CPU.Build.0 = Debug|Any CPU
		{42AAD912-412F-4D65-A6ED-E19A21C417A6}.Release|Any CPU.ActiveCfg = Release|Any CPU
		{42AAD912-412F-4D65-A6ED-E19A21C417A6}.Release|Any CPU.Build.0 = Release|Any CPU
	EndGlobalSection
	GlobalSection(SolutionProperties) = preSolution
		HideSolutionNode = FALSE
	EndGlobalSection
	GlobalSection(ExtensibilityGlobals) = postSolution
		SolutionGuid = {005CB982-E248-42D9-BA42-21735C9AB9D2}
	EndGlobalSection
EndGlobal
