
Microsoft Visual Studio Solution File, Format Version 12.00
# Visual Studio Version 17
VisualStudioVersion = 17.1.32210.238
MinimumVisualStudioVersion = 10.0.40219.1
Project("{FAE04EC0-301F-11D3-BF4B-00C04F79EFBC}") = "class activity 2", "class activity 2.csproj", "{671F9686-C5E5-421A-96C5-DCC7BE4379DA}"
EndProject
Global
	GlobalSection(SolutionConfigurationPlatforms) = preSolution
		Debug|Any CPU = Debug|Any CPU
		Release|Any CPU = Release|Any CPU
	EndGlobalSection
	GlobalSection(ProjectConfigurationPlatforms) = postSolution
		{671F9686-C5E5-421A-96C5-DCC7BE4379DA}.Debug|Any CPU.ActiveCfg = Debug|Any CPU
		{671F9686-C5E5-421A-96C5-DCC7BE4379DA}.Debug|Any CPU.Build.0 = Debug|Any CPU
		{671F9686-C5E5-421A-96C5-DCC7BE4379DA}.Release|Any CPU.ActiveCfg = Release|Any CPU
		{671F9686-C5E5-421A-96C5-DCC7BE4379DA}.Release|Any CPU.Build.0 = Release|Any CPU
	EndGlobalSection
	GlobalSection(SolutionProperties) = preSolution
		HideSolutionNode = FALSE
	EndGlobalSection
	GlobalSection(ExtensibilityGlobals) = postSolution
		SolutionGuid = {48D8FF0F-DE73-4CFB-9BBB-F3E248E929FC}
	EndGlobalSection
EndGlobal
