
Microsoft Visual Studio Solution File, Format Version 12.00
# Visual Studio Version 17
VisualStudioVersion = 17.1.32210.238
MinimumVisualStudioVersion = 10.0.40219.1
Project("{FAE04EC0-301F-11D3-BF4B-00C04F79EFBC}") = "STUDENT APP", "STUDENT APP.csproj", "{BBA89837-21D7-456E-AFEF-57E93424C415}"
EndProject
Global
	GlobalSection(SolutionConfigurationPlatforms) = preSolution
		Debug|Any CPU = Debug|Any CPU
		Release|Any CPU = Release|Any CPU
	EndGlobalSection
	GlobalSection(ProjectConfigurationPlatforms) = postSolution
		{BBA89837-21D7-456E-AFEF-57E93424C415}.Debug|Any CPU.ActiveCfg = Debug|Any CPU
		{BBA89837-21D7-456E-AFEF-57E93424C415}.Debug|Any CPU.Build.0 = Debug|Any CPU
		{BBA89837-21D7-456E-AFEF-57E93424C415}.Release|Any CPU.ActiveCfg = Release|Any CPU
		{BBA89837-21D7-456E-AFEF-57E93424C415}.Release|Any CPU.Build.0 = Release|Any CPU
	EndGlobalSection
	GlobalSection(SolutionProperties) = preSolution
		HideSolutionNode = FALSE
	EndGlobalSection
	GlobalSection(ExtensibilityGlobals) = postSolution
		SolutionGuid = {EE99D826-6942-421E-9E87-46184ED40A98}
	EndGlobalSection
EndGlobal
